<?xml version="1.0" encoding="utf-8"?>
<Project ToolsVersion="4.0" xmlns="http://schemas.microsoft.com/developer/msbuild/2003">
  <ItemGroup>
    <Filter Include="Source Files">
      <UniqueIdentifier>{4FC737F1-C7A5-4376-A066-2A32D752A2FF}</UniqueIdentifier>
      <Extensions>cpp;c;cc;cxx;def;odl;idl;hpj;bat;asm;asmx</Extensions>
    </Filter>
    <Filter Include="Header Files">
      <UniqueIdentifier>{93995380-89BD-4b04-88EB-625FBE52EBFB}</UniqueIdentifier>
      <Extensions>h;hh;hpp;hxx;hm;inl;inc;ipp;xsd</Extensions>
    </Filter>
    <Filter Include="Resource Files">
      <UniqueIdentifier>{67DA6AB6-F800-4c08-8B7A-83BB121AAD01}</UniqueIdentifier>
      <Extensions>rc;ico;cur;bmp;dlg;rc2;rct;bin;rgs;gif;jpg;jpeg;jpe;resx;tiff;tif;png;wav;mfcribbon-ms</Extensions>
    </Filter>
    <Filter Include="Source Files\Hap">
      <UniqueIdentifier>{7c46a172-7527-46fc-9de1-7d3b2416d853}</UniqueIdentifier>
    </Filter>
    <Filter Include="Source Files\MP4">
      <UniqueIdentifier>{b9b63262-508b-45c0-abb6-56e24fad2ecb}</UniqueIdentifier>
    </Filter>
    <Filter Include="Source Files\Snappy">
      <UniqueIdentifier>{6985a169-c819-4eb5-afe1-f2ba1cb86510}</UniqueIdentifier>
    </Filter>
    <Filter Include="Header Files\Hap">
      <UniqueIdentifier>{efaa0172-3944-4a35-968e-d85688486335}</UniqueIdentifier>
    </Filter>
    <Filter Include="Header Files\MP4">
      <UniqueIdentifier>{7f1edccc-d620-46f9-ba31-3bffa7f21797}</UniqueIdentifier>
    </Filter>
    <Filter Include="Header Files\Snappy">
      <UniqueIdentifier>{4832b987-b5a4-4626-a877-b79dcbfde67f}</UniqueIdentifier>
    </Filter>
    <Filter Include="Header Files\Unity">
      <UniqueIdentifier>{2a6d8182-6006-4c8c-ab03-07d5d15d0714}</UniqueIdentifier>
    </Filter>
  </ItemGroup>
  <ItemGroup>
    <ClCompile Include="..\Hap\hap.c">
      <Filter>Source Files\Hap</Filter>
    </ClCompile>
    <ClCompile Include="..\MP4\mp4demux.c">
      <Filter>Source Files\MP4</Filter>
    </ClCompile>
    <ClCompile Include="..\Snappy\snappy.cc">
      <Filter>Source Files\Snappy</Filter>
    </ClCompile>
    <ClCompile Include="..\Snappy\snappy-c.cc">
      <Filter>Source Files\Snappy</Filter>
    </ClCompile>
    <ClCompile Include="..\Snappy\snappy-sinksource.cc">
      <Filter>Source Files\Snappy</Filter>
    </ClCompile>
    <ClCompile Include="..\Snappy\snappy-stubs-internal.cc">
      <Filter>Source Files\Snappy</Filter>
    </ClCompile>
    <ClCompile Include="..\Source\KlakHap.cpp">
      <Filter>Source Files</Filter>
    </ClCompile>
  </ItemGroup>
  <ItemGroup>
    <ClInclude Include="..\Snappy\snappy.h">
      <Filter>Header Files\Snappy</Filter>
    </ClInclude>
    <ClInclude Include="..\Snappy\snappy-c.h">
      <Filter>Header Files\Snappy</Filter>
    </ClInclude>
    <ClInclude Include="..\Snappy\snappy-internal.h">
      <Filter>Header Files\Snappy</Filter>
    </ClInclude>
    <ClInclude Include="..\Snappy\snappy-sinksource.h">
      <Filter>Header Files\Snappy</Filter>
    </ClInclude>
    <ClInclude Include="..\Snappy\snappy-stubs-internal.h">
      <Filter>Header Files\Snappy</Filter>
    </ClInclude>
    <ClInclude Include="..\Snappy\snappy-stubs-public.h">
      <Filter>Header Files\Snappy</Filter>
    </ClInclude>
    <ClInclude Include="..\MP4\mp4defs.h">
      <Filter>Header Files\MP4</Filter>
    </ClInclude>
    <ClInclude Include="..\MP4\mp4demux.h">
      <Filter>Header Files\MP4</Filter>
    </ClInclude>
    <ClInclude Include="..\Hap\hap.h">
      <Filter>Header Files\Hap</Filter>
    </ClInclude>
    <ClInclude Include="..\Unity\IUnityGraphics.h">
      <Filter>Header Files\Unity</Filter>
    </ClInclude>
    <ClInclude Include="..\Unity\IUnityInterface.h">
      <Filter>Header Files\Unity</Filter>
    </ClInclude>
    <ClInclude Include="..\Unity\IUnityRenderingExtensions.h">
      <Filter>Header Files\Unity</Filter>
    </ClInclude>
    <ClInclude Include="..\Source\Decoder.h">
      <Filter>Header Files</Filter>
    </ClInclude>
    <ClInclude Include="..\Source\Demuxer.h">
      <Filter>Header Files</Filter>
    </ClInclude>
    <ClInclude Include="..\Source\ReadBuffer.h">
      <Filter>Header Files</Filter>
    </ClInclude>
  </ItemGroup>
</Project>